dependencies:
- name: router
  repository: oci://ghcr.io/wundergraph/cosmo/helm-charts
  version: 0.15.0
- name: oauth2-proxy
  repository: https://oauth2-proxy.github.io/manifests/
  version: 7.7.20
digest: sha256:6797287a3b2883c657c871e1aef0675651368cdb1784b1b6cd3665883d092006
generated: "2025-12-03T14:43:13.343417616Z"
